
Microsoft Visual Studio Solution File, Format Version 12.00
# Visual Studio Version 17
VisualStudioVersion = 17.4.33110.190
MinimumVisualStudioVersion = 10.0.40219.1
Project("{FAE04EC0-301F-11D3-BF4B-00C04F79EFBC}") = "GeniyIdiotConsoleApp", "GeniyIdiotConsoleApp\GeniyIdiotConsoleApp.csproj", "{ADF7D888-3EF3-473D-A7C6-9357C4B6C889}"
EndProject
Project("{FAE04EC0-301F-11D3-BF4B-00C04F79EFBC}") = "WinForm_GeniyIdiot", "WinForm_GeniyIdiot\WinForm_GeniyIdiot.csproj", "{ED3137A3-1404-4A37-95AB-E23900B6E728}"
EndProject
Project("{FAE04EC0-301F-11D3-BF4B-00C04F79EFBC}") = "GeniyIdiot.Common", "GeniyIdiot.Common\GeniyIdiot.Common.csproj", "{80AD3AF7-A8E3-487E-8A1D-A4A2D26094A5}"
EndProject
Global
	GlobalSection(SolutionConfigurationPlatforms) = preSolution
		Debug|Any CPU = Debug|Any CPU
		Release|Any CPU = Release|Any CPU
	EndGlobalSection
	GlobalSection(ProjectConfigurationPlatforms) = postSolution
		{ADF7D888-3EF3-473D-A7C6-9357C4B6C889}.Debug|Any CPU.ActiveCfg = Debug|Any CPU
		{ADF7D888-3EF3-473D-A7C6-9357C4B6C889}.Debug|Any CPU.Build.0 = Debug|Any CPU
		{ADF7D888-3EF3-473D-A7C6-9357C4B6C889}.Release|Any CPU.ActiveCfg = Release|Any CPU
		{ADF7D888-3EF3-473D-A7C6-9357C4B6C889}.Release|Any CPU.Build.0 = Release|Any CPU
		{ED3137A3-1404-4A37-95AB-E23900B6E728}.Debug|Any CPU.ActiveCfg = Debug|Any CPU
		{ED3137A3-1404-4A37-95AB-E23900B6E728}.Debug|Any CPU.Build.0 = Debug|Any CPU
		{ED3137A3-1404-4A37-95AB-E23900B6E728}.Release|Any CPU.ActiveCfg = Release|Any CPU
		{ED3137A3-1404-4A37-95AB-E23900B6E728}.Release|Any CPU.Build.0 = Release|Any CPU
		{80AD3AF7-A8E3-487E-8A1D-A4A2D26094A5}.Debug|Any CPU.ActiveCfg = Debug|Any CPU
		{80AD3AF7-A8E3-487E-8A1D-A4A2D26094A5}.Debug|Any CPU.Build.0 = Debug|Any CPU
		{80AD3AF7-A8E3-487E-8A1D-A4A2D26094A5}.Release|Any CPU.ActiveCfg = Release|Any CPU
		{80AD3AF7-A8E3-487E-8A1D-A4A2D26094A5}.Release|Any CPU.Build.0 = Release|Any CPU
	EndGlobalSection
	GlobalSection(SolutionProperties) = preSolution
		HideSolutionNode = FALSE
	EndGlobalSection
	GlobalSection(ExtensibilityGlobals) = postSolution
		SolutionGuid = {F33B2D13-7C37-4757-82D3-2269A189A962}
	EndGlobalSection
EndGlobal
