
Microsoft Visual Studio Solution File, Format Version 12.00
# Visual Studio Version 17
VisualStudioVersion = 17.13.35919.96
MinimumVisualStudioVersion = 10.0.40219.1
Project("{FAE04EC0-301F-11D3-BF4B-00C04F79EFBC}") = "Frog_WindowsForms", "Frog_WindowsForms\Frog_WindowsForms.csproj", "{C5F204CF-2D46-4735-82C2-48396926210F}"
EndProject
Global
	GlobalSection(SolutionConfigurationPlatforms) = preSolution
		Debug|Any CPU = Debug|Any CPU
		Release|Any CPU = Release|Any CPU
	EndGlobalSection
	GlobalSection(ProjectConfigurationPlatforms) = postSolution
		{C5F204CF-2D46-4735-82C2-48396926210F}.Debug|Any CPU.ActiveCfg = Debug|Any CPU
		{C5F204CF-2D46-4735-82C2-48396926210F}.Debug|Any CPU.Build.0 = Debug|Any CPU
		{C5F204CF-2D46-4735-82C2-48396926210F}.Release|Any CPU.ActiveCfg = Release|Any CPU
		{C5F204CF-2D46-4735-82C2-48396926210F}.Release|Any CPU.Build.0 = Release|Any CPU
	EndGlobalSection
	GlobalSection(SolutionProperties) = preSolution
		HideSolutionNode = FALSE
	EndGlobalSection
	GlobalSection(ExtensibilityGlobals) = postSolution
		SolutionGuid = {EC5A3A33-E2D4-4B3F-931A-4F20D6F7A352}
	EndGlobalSection
EndGlobal
